// !$*UTF8*$!
{
	archiveVersion = 1;
	classes = {
	};
	objectVersion = 46;
	objects = {

/* Begin PBXBuildFile section */
		485B10DA1BFDB26500E053A8 /* DemoSlider.m in Sources */ = {isa = PBXBuildFile; fileRef = 485B10D81BFDB26500E053A8 /* DemoSlider.m */; };
		485B10DB1BFDB26500E053A8 /* DemoSlider.xib in Resources */ = {isa = PBXBuildFile; fileRef = 485B10D91BFDB26500E053A8 /* DemoSlider.xib */; };
		487A3DAD1C02D179004D64AF /* CustomerSlider.m in Sources */ = {isa = PBXBuildFile; fileRef = 487A3DAB1C02D179004D64AF /* CustomerSlider.m */; };
		487A3DAE1C02D179004D64AF /* CustomerSlider.xib in Resources */ = {isa = PBXBuildFile; fileRef = 487A3DAC1C02D179004D64AF /* CustomerSlider.xib */; };
		487A3DB51C02F990004D64AF /* CustomSwitchCore.m in Sources */ = {isa = PBXBuildFile; fileRef = 487A3DB41C02F990004D64AF /* CustomSwitchCore.m */; };
		487ABEF61C094DCF00F512D1 /* campFire01.gif in Resources */ = {isa = PBXBuildFile; fileRef = 487ABEE51C094DCF00F512D1 /* campFire01.gif */; };
		487ABEF71C094DCF00F512D1 /* campFire02.gif in Resources */ = {isa = PBXBuildFile; fileRef = 487ABEE61C094DCF00F512D1 /* campFire02.gif */; };
		487ABEF81C094DCF00F512D1 /* campFire03.gif in Resources */ = {isa = PBXBuildFile; fileRef = 487ABEE71C094DCF00F512D1 /* campFire03.gif */; };
		487ABEF91C094DCF00F512D1 /* campFire04.gif in Resources */ = {isa = PBXBuildFile; fileRef = 487ABEE81C094DCF00F512D1 /* campFire04.gif */; };
		487ABEFA1C094DCF00F512D1 /* campFire05.gif in Resources */ = {isa = PBXBuildFile; fileRef = 487ABEE91C094DCF00F512D1 /* campFire05.gif */; };
		487ABEFB1C094DCF00F512D1 /* campFire06.gif in Resources */ = {isa = PBXBuildFile; fileRef = 487ABEEA1C094DCF00F512D1 /* campFire06.gif */; };
		487ABEFC1C094DCF00F512D1 /* campFire07.gif in Resources */ = {isa = PBXBuildFile; fileRef = 487ABEEB1C094DCF00F512D1 /* campFire07.gif */; };
		487ABEFD1C094DCF00F512D1 /* campFire08.gif in Resources */ = {isa = PBXBuildFile; fileRef = 487ABEEC1C094DCF00F512D1 /* campFire08.gif */; };
		487ABEFE1C094DCF00F512D1 /* campFire09.gif in Resources */ = {isa = PBXBuildFile; fileRef = 487ABEED1C094DCF00F512D1 /* campFire09.gif */; };
		487ABEFF1C094DCF00F512D1 /* campFire10.gif in Resources */ = {isa = PBXBuildFile; fileRef = 487ABEEE1C094DCF00F512D1 /* campFire10.gif */; };
		487ABF001C094DCF00F512D1 /* campFire11.gif in Resources */ = {isa = PBXBuildFile; fileRef = 487ABEEF1C094DCF00F512D1 /* campFire11.gif */; };
		487ABF011C094DCF00F512D1 /* campFire12.gif in Resources */ = {isa = PBXBuildFile; fileRef = 487ABEF01C094DCF00F512D1 /* campFire12.gif */; };
		487ABF021C094DCF00F512D1 /* campFire13.gif in Resources */ = {isa = PBXBuildFile; fileRef = 487ABEF11C094DCF00F512D1 /* campFire13.gif */; };
		487ABF031C094DCF00F512D1 /* campFire14.gif in Resources */ = {isa = PBXBuildFile; fileRef = 487ABEF21C094DCF00F512D1 /* campFire14.gif */; };
		487ABF041C094DCF00F512D1 /* campFire15.gif in Resources */ = {isa = PBXBuildFile; fileRef = 487ABEF31C094DCF00F512D1 /* campFire15.gif */; };
		487ABF051C094DCF00F512D1 /* campFire16.gif in Resources */ = {isa = PBXBuildFile; fileRef = 487ABEF41C094DCF00F512D1 /* campFire16.gif */; };
		487ABF061C094DCF00F512D1 /* campFire17.gif in Resources */ = {isa = PBXBuildFile; fileRef = 487ABEF51C094DCF00F512D1 /* campFire17.gif */; };
		487ABF101C09540D00F512D1 /* CampFire.m in Sources */ = {isa = PBXBuildFile; fileRef = 487ABF0E1C09540D00F512D1 /* CampFire.m */; };
		487ABF111C09540D00F512D1 /* CampFire.xib in Resources */ = {isa = PBXBuildFile; fileRef = 487ABF0F1C09540D00F512D1 /* CampFire.xib */; };
		487F44661C04042300DAB73C /* SkewImage.m in Sources */ = {isa = PBXBuildFile; fileRef = 487F44641C04042300DAB73C /* SkewImage.m */; };
		487F44671C04042300DAB73C /* SkewImage.xib in Resources */ = {isa = PBXBuildFile; fileRef = 487F44651C04042300DAB73C /* SkewImage.xib */; };
		487F446B1C04108600DAB73C /* Calculator.m in Sources */ = {isa = PBXBuildFile; fileRef = 487F44691C04108600DAB73C /* Calculator.m */; };
		487F446C1C04108600DAB73C /* Calculator.xib in Resources */ = {isa = PBXBuildFile; fileRef = 487F446A1C04108600DAB73C /* Calculator.xib */; };
		48828E281BF5884D0092615D /* main.m in Sources */ = {isa = PBXBuildFile; fileRef = 48828E271BF5884D0092615D /* main.m */; };
		48828E331BF5884D0092615D /* Assets.xcassets in Resources */ = {isa = PBXBuildFile; fileRef = 48828E321BF5884D0092615D /* Assets.xcassets */; };
		48828E361BF5884D0092615D /* LaunchScreen.storyboard in Resources */ = {isa = PBXBuildFile; fileRef = 48828E341BF5884D0092615D /* LaunchScreen.storyboard */; };
		48828E481BF58BD00092615D /* AppDelegate.m in Sources */ = {isa = PBXBuildFile; fileRef = 48828E411BF58BD00092615D /* AppDelegate.m */; };
		48828E491BF58BD00092615D /* BootLogic.m in Sources */ = {isa = PBXBuildFile; fileRef = 48828E431BF58BD00092615D /* BootLogic.m */; };
		48828E4A1BF58BD00092615D /* ConsoleScreen.m in Sources */ = {isa = PBXBuildFile; fileRef = 48828E451BF58BD00092615D /* ConsoleScreen.m */; };
		48828E4B1BF58BD00092615D /* MainScreen.m in Sources */ = {isa = PBXBuildFile; fileRef = 48828E471BF58BD00092615D /* MainScreen.m */; };
		48828E4F1BF5B3250092615D /* DemoFunction.m in Sources */ = {isa = PBXBuildFile; fileRef = 48828E4E1BF5B3250092615D /* DemoFunction.m */; };
		48828E531BF5E4ED0092615D /* DemoSelector.m in Sources */ = {isa = PBXBuildFile; fileRef = 48828E511BF5E4ED0092615D /* DemoSelector.m */; };
		48828E541BF5E4ED0092615D /* DemoSelector.xib in Resources */ = {isa = PBXBuildFile; fileRef = 48828E521BF5E4ED0092615D /* DemoSelector.xib */; };
		489DE69C1C006DAD002E8117 /* CustomSwitch.m in Sources */ = {isa = PBXBuildFile; fileRef = 489DE69A1C006DAD002E8117 /* CustomSwitch.m */; };
		489DE69D1C006DAD002E8117 /* CustomSwitch.xib in Resources */ = {isa = PBXBuildFile; fileRef = 489DE69B1C006DAD002E8117 /* CustomSwitch.xib */; };
		48AFE97E1C08473F00806CA1 /* UIViewBasic.m in Sources */ = {isa = PBXBuildFile; fileRef = 48AFE97C1C08473F00806CA1 /* UIViewBasic.m */; };
		48AFE97F1C08473F00806CA1 /* UIViewBasic.xib in Resources */ = {isa = PBXBuildFile; fileRef = 48AFE97D1C08473F00806CA1 /* UIViewBasic.xib */; };
		48AFE9831C0847CF00806CA1 /* ViewController.m in Sources */ = {isa = PBXBuildFile; fileRef = 48AFE9811C0847CF00806CA1 /* ViewController.m */; };
		48AFE9841C0847CF00806CA1 /* ViewController.xib in Resources */ = {isa = PBXBuildFile; fileRef = 48AFE9821C0847CF00806CA1 /* ViewController.xib */; };
		48AFE9871C08633200806CA1 /* ChessView.m in Sources */ = {isa = PBXBuildFile; fileRef = 48AFE9861C08633200806CA1 /* ChessView.m */; };
/* End PBXBuildFile section */

/* Begin PBXFileReference section */
		485B10D71BFDB26500E053A8 /* DemoSlider.h */ = {isa = PBXFileReference; fileEncoding = 4; lastKnownFileType = sourcecode.c.h; path = DemoSlider.h; sourceTree = "<group>"; };
		485B10D81BFDB26500E053A8 /* DemoSlider.m */ = {isa = PBXFileReference; fileEncoding = 4; lastKnownFileType = sourcecode.c.objc; path = DemoSlider.m; sourceTree = "<group>"; };
		485B10D91BFDB26500E053A8 /* DemoSlider.xib */ = {isa = PBXFileReference; fileEncoding = 4; lastKnownFileType = file.xib; path = DemoSlider.xib; sourceTree = "<group>"; };
		487A3DAA1C02D179004D64AF /* CustomerSlider.h */ = {isa = PBXFileReference; fileEncoding = 4; lastKnownFileType = sourcecode.c.h; path = CustomerSlider.h; sourceTree = "<group>"; };
		487A3DAB1C02D179004D64AF /* CustomerSlider.m */ = {isa = PBXFileReference; fileEncoding = 4; lastKnownFileType = sourcecode.c.objc; path = CustomerSlider.m; sourceTree = "<group>"; };
		487A3DAC1C02D179004D64AF /* CustomerSlider.xib */ = {isa = PBXFileReference; fileEncoding = 4; lastKnownFileType = file.xib; path = CustomerSlider.xib; sourceTree = "<group>"; };
		487A3DB31C02F990004D64AF /* CustomSwitchCore.h */ = {isa = PBXFileReference; fileEncoding = 4; lastKnownFileType = sourcecode.c.h; path = CustomSwitchCore.h; sourceTree = "<group>"; };
		487A3DB41C02F990004D64AF /* CustomSwitchCore.m */ = {isa = PBXFileReference; fileEncoding = 4; lastKnownFileType = sourcecode.c.objc; path = CustomSwitchCore.m; sourceTree = "<group>"; };
		487ABEE51C094DCF00F512D1 /* campFire01.gif */ = {isa = PBXFileReference; lastKnownFileType = image.gif; path = campFire01.gif; sourceTree = "<group>"; };
		487ABEE61C094DCF00F512D1 /* campFire02.gif */ = {isa = PBXFileReference; lastKnownFileType = image.gif; path = campFire02.gif; sourceTree = "<group>"; };
		487ABEE71C094DCF00F512D1 /* campFire03.gif */ = {isa = PBXFileReference; lastKnownFileType = image.gif; path = campFire03.gif; sourceTree = "<group>"; };
		487ABEE81C094DCF00F512D1 /* campFire04.gif */ = {isa = PBXFileReference; lastKnownFileType = image.gif; path = campFire04.gif; sourceTree = "<group>"; };
		487ABEE91C094DCF00F512D1 /* campFire05.gif */ = {isa = PBXFileReference; lastKnownFileType = image.gif; path = campFire05.gif; sourceTree = "<group>"; };
		487ABEEA1C094DCF00F512D1 /* campFire06.gif */ = {isa = PBXFileReference; lastKnownFileType = image.gif; path = campFire06.gif; sourceTree = "<group>"; };
		487ABEEB1C094DCF00F512D1 /* campFire07.gif */ = {isa = PBXFileReference; lastKnownFileType = image.gif; path = campFire07.gif; sourceTree = "<group>"; };
		487ABEEC1C094DCF00F512D1 /* campFire08.gif */ = {isa = PBXFileReference; lastKnownFileType = image.gif; path = campFire08.gif; sourceTree = "<group>"; };
		487ABEED1C094DCF00F512D1 /* campFire09.gif */ = {isa = PBXFileReference; lastKnownFileType = image.gif; path = campFire09.gif; sourceTree = "<group>"; };
		487ABEEE1C094DCF00F512D1 /* campFire10.gif */ = {isa = PBXFileReference; lastKnownFileType = image.gif; path = campFire10.gif; sourceTree = "<group>"; };
		487ABEEF1C094DCF00F512D1 /* campFire11.gif */ = {isa = PBXFileReference; lastKnownFileType = image.gif; path = campFire11.gif; sourceTree = "<group>"; };
		487ABEF01C094DCF00F512D1 /* campFire12.gif */ = {isa = PBXFileReference; lastKnownFileType = image.gif; path = campFire12.gif; sourceTree = "<group>"; };
		487ABEF11C094DCF00F512D1 /* campFire13.gif */ = {isa = PBXFileReference; lastKnownFileType = image.gif; path = campFire13.gif; sourceTree = "<group>"; };
		487ABEF21C094DCF00F512D1 /* campFire14.gif */ = {isa = PBXFileReference; lastKnownFileType = image.gif; path = campFire14.gif; sourceTree = "<group>"; };
		487ABEF31C094DCF00F512D1 /* campFire15.gif */ = {isa = PBXFileReference; lastKnownFileType = image.gif; path = campFire15.gif; sourceTree = "<group>"; };
		487ABEF41C094DCF00F512D1 /* campFire16.gif */ = {isa = PBXFileReference; lastKnownFileType = image.gif; path = campFire16.gif; sourceTree = "<group>"; };
		487ABEF51C094DCF00F512D1 /* campFire17.gif */ = {isa = PBXFileReference; lastKnownFileType = image.gif; path = campFire17.gif; sourceTree = "<group>"; };
		487ABF0D1C09540D00F512D1 /* CampFire.h */ = {isa = PBXFileReference; fileEncoding = 4; lastKnownFileType = sourcecode.c.h; path = CampFire.h; sourceTree = "<group>"; };
		487ABF0E1C09540D00F512D1 /* CampFire.m */ = {isa = PBXFileReference; fileEncoding = 4; lastKnownFileType = sourcecode.c.objc; path = CampFire.m; sourceTree = "<group>"; };
		487ABF0F1C09540D00F512D1 /* CampFire.xib */ = {isa = PBXFileReference; fileEncoding = 4; lastKnownFileType = file.xib; path = CampFire.xib; sourceTree = "<group>"; };
		487F44631C04042300DAB73C /* SkewImage.h */ = {isa = PBXFileReference; fileEncoding = 4; lastKnownFileType = sourcecode.c.h; path = SkewImage.h; sourceTree = "<group>"; };
		487F44641C04042300DAB73C /* SkewImage.m */ = {isa = PBXFileReference; fileEncoding = 4; lastKnownFileType = sourcecode.c.objc; path = SkewImage.m; sourceTree = "<group>"; };
		487F44651C04042300DAB73C /* SkewImage.xib */ = {isa = PBXFileReference; fileEncoding = 4; lastKnownFileType = file.xib; path = SkewImage.xib; sourceTree = "<group>"; };
		487F44681C04108500DAB73C /* Calculator.h */ = {isa = PBXFileReference; fileEncoding = 4; lastKnownFileType = sourcecode.c.h; path = Calculator.h; sourceTree = "<group>"; };
		487F44691C04108600DAB73C /* Calculator.m */ = {isa = PBXFileReference; fileEncoding = 4; lastKnownFileType = sourcecode.c.objc; path = Calculator.m; sourceTree = "<group>"; };
		487F446A1C04108600DAB73C /* Calculator.xib */ = {isa = PBXFileReference; fileEncoding = 4; lastKnownFileType = file.xib; path = Calculator.xib; sourceTree = "<group>"; };
		48828E231BF5884D0092615D /* ObjcExamples.app */ = {isa = PBXFileReference; explicitFileType = wrapper.application; includeInIndex = 0; path = ObjcExamples.app; sourceTree = BUILT_PRODUCTS_DIR; };
		48828E271BF5884D0092615D /* main.m */ = {isa = PBXFileReference; lastKnownFileType = sourcecode.c.objc; path = main.m; sourceTree = "<group>"; };
		48828E321BF5884D0092615D /* Assets.xcassets */ = {isa = PBXFileReference; lastKnownFileType = folder.assetcatalog; path = Assets.xcassets; sourceTree = "<group>"; };
		48828E351BF5884D0092615D /* Base */ = {isa = PBXFileReference; lastKnownFileType = file.storyboard; name = Base; path = Base.lproj/LaunchScreen.storyboard; sourceTree = "<group>"; };
		48828E371BF5884D0092615D /* Info.plist */ = {isa = PBXFileReference; lastKnownFileType = text.plist.xml; path = Info.plist; sourceTree = "<group>"; };
		48828E401BF58BD00092615D /* AppDelegate.h */ = {isa = PBXFileReference; fileEncoding = 4; lastKnownFileType = sourcecode.c.h; path = AppDelegate.h; sourceTree = "<group>"; };
		48828E411BF58BD00092615D /* AppDelegate.m */ = {isa = PBXFileReference; fileEncoding = 4; lastKnownFileType = sourcecode.c.objc; path = AppDelegate.m; sourceTree = "<group>"; };
		48828E421BF58BD00092615D /* BootLogic.h */ = {isa = PBXFileReference; fileEncoding = 4; lastKnownFileType = sourcecode.c.h; path = BootLogic.h; sourceTree = "<group>"; };
		48828E431BF58BD00092615D /* BootLogic.m */ = {isa = PBXFileReference; fileEncoding = 4; lastKnownFileType = sourcecode.c.objc; path = BootLogic.m; sourceTree = "<group>"; };
		48828E441BF58BD00092615D /* ConsoleScreen.h */ = {isa = PBXFileReference; fileEncoding = 4; lastKnownFileType = sourcecode.c.h; path = ConsoleScreen.h; sourceTree = "<group>"; };
		48828E451BF58BD00092615D /* ConsoleScreen.m */ = {isa = PBXFileReference; fileEncoding = 4; lastKnownFileType = sourcecode.c.objc; path = ConsoleScreen.m; sourceTree = "<group>"; };
		48828E461BF58BD00092615D /* MainScreen.h */ = {isa = PBXFileReference; fileEncoding = 4; lastKnownFileType = sourcecode.c.h; path = MainScreen.h; sourceTree = "<group>"; };
		48828E471BF58BD00092615D /* MainScreen.m */ = {isa = PBXFileReference; fileEncoding = 4; lastKnownFileType = sourcecode.c.objc; path = MainScreen.m; sourceTree = "<group>"; };
		48828E4D1BF5B3250092615D /* DemoFunction.h */ = {isa = PBXFileReference; fileEncoding = 4; lastKnownFileType = sourcecode.c.h; path = DemoFunction.h; sourceTree = "<group>"; };
		48828E4E1BF5B3250092615D /* DemoFunction.m */ = {isa = PBXFileReference; fileEncoding = 4; lastKnownFileType = sourcecode.c.objc; path = DemoFunction.m; sourceTree = "<group>"; };
		48828E501BF5E4ED0092615D /* DemoSelector.h */ = {isa = PBXFileReference; fileEncoding = 4; lastKnownFileType = sourcecode.c.h; path = DemoSelector.h; sourceTree = "<group>"; };
		48828E511BF5E4ED0092615D /* DemoSelector.m */ = {isa = PBXFileReference; fileEncoding = 4; lastKnownFileType = sourcecode.c.objc; path = DemoSelector.m; sourceTree = "<group>"; };
		48828E521BF5E4ED0092615D /* DemoSelector.xib */ = {isa = PBXFileReference; fileEncoding = 4; lastKnownFileType = file.xib; path = DemoSelector.xib; sourceTree = "<group>"; };
		489DE6991C006DAD002E8117 /* CustomSwitch.h */ = {isa = PBXFileReference; fileEncoding = 4; lastKnownFileType = sourcecode.c.h; path = CustomSwitch.h; sourceTree = "<group>"; };
		489DE69A1C006DAD002E8117 /* CustomSwitch.m */ = {isa = PBXFileReference; fileEncoding = 4; lastKnownFileType = sourcecode.c.objc; path = CustomSwitch.m; sourceTree = "<group>"; };
		489DE69B1C006DAD002E8117 /* CustomSwitch.xib */ = {isa = PBXFileReference; fileEncoding = 4; lastKnownFileType = file.xib; path = CustomSwitch.xib; sourceTree = "<group>"; };
		48AFE97B1C08473F00806CA1 /* UIViewBasic.h */ = {isa = PBXFileReference; fileEncoding = 4; lastKnownFileType = sourcecode.c.h; path = UIViewBasic.h; sourceTree = "<group>"; };
		48AFE97C1C08473F00806CA1 /* UIViewBasic.m */ = {isa = PBXFileReference; fileEncoding = 4; lastKnownFileType = sourcecode.c.objc; path = UIViewBasic.m; sourceTree = "<group>"; };
		48AFE97D1C08473F00806CA1 /* UIViewBasic.xib */ = {isa = PBXFileReference; fileEncoding = 4; lastKnownFileType = file.xib; path = UIViewBasic.xib; sourceTree = "<group>"; };
		48AFE9801C0847CF00806CA1 /* ViewController.h */ = {isa = PBXFileReference; fileEncoding = 4; lastKnownFileType = sourcecode.c.h; path = ViewController.h; sourceTree = "<group>"; };
		48AFE9811C0847CF00806CA1 /* ViewController.m */ = {isa = PBXFileReference; fileEncoding = 4; lastKnownFileType = sourcecode.c.objc; path = ViewController.m; sourceTree = "<group>"; };
		48AFE9821C0847CF00806CA1 /* ViewController.xib */ = {isa = PBXFileReference; fileEncoding = 4; lastKnownFileType = file.xib; path = ViewController.xib; sourceTree = "<group>"; };
		48AFE9851C08633200806CA1 /* ChessView.h */ = {isa = PBXFileReference; fileEncoding = 4; lastKnownFileType = sourcecode.c.h; path = ChessView.h; sourceTree = "<group>"; };
		48AFE9861C08633200806CA1 /* ChessView.m */ = {isa = PBXFileReference; fileEncoding = 4; lastKnownFileType = sourcecode.c.objc; path = ChessView.m; sourceTree = "<group>"; };
/* End PBXFileReference section */

/* Begin PBXFrameworksBuildPhase section */
		48828E201BF5884D0092615D /* Frameworks */ = {
			isa = PBXFrameworksBuildPhase;
			buildActionMask = 2147483647;
			files = (
			);
			runOnlyForDeploymentPostprocessing = 0;
		};
/* End PBXFrameworksBuildPhase section */

/* Begin PBXGroup section */
		48146F561BFDDB9A00596610 /* images */ = {
			isa = PBXGroup;
			children = (
				487ABEE51C094DCF00F512D1 /* campFire01.gif */,
				487ABEE61C094DCF00F512D1 /* campFire02.gif */,
				487ABEE71C094DCF00F512D1 /* campFire03.gif */,
				487ABEE81C094DCF00F512D1 /* campFire04.gif */,
				487ABEE91C094DCF00F512D1 /* campFire05.gif */,
				487ABEEA1C094DCF00F512D1 /* campFire06.gif */,
				487ABEEB1C094DCF00F512D1 /* campFire07.gif */,
				487ABEEC1C094DCF00F512D1 /* campFire08.gif */,
				487ABEED1C094DCF00F512D1 /* campFire09.gif */,
				487ABEEE1C094DCF00F512D1 /* campFire10.gif */,
				487ABEEF1C094DCF00F512D1 /* campFire11.gif */,
				487ABEF01C094DCF00F512D1 /* campFire12.gif */,
				487ABEF11C094DCF00F512D1 /* campFire13.gif */,
				487ABEF21C094DCF00F512D1 /* campFire14.gif */,
				487ABEF31C094DCF00F512D1 /* campFire15.gif */,
				487ABEF41C094DCF00F512D1 /* campFire16.gif */,
				487ABEF51C094DCF00F512D1 /* campFire17.gif */,
			);
			name = images;
			sourceTree = "<group>";
		};
		487A3DB21C02F92C004D64AF /* CustomSwith */ = {
			isa = PBXGroup;
			children = (
				487A3DB31C02F990004D64AF /* CustomSwitchCore.h */,
				487A3DB41C02F990004D64AF /* CustomSwitchCore.m */,
			);
			name = CustomSwith;
			sourceTree = "<group>";
		};
		48828E1A1BF5884D0092615D = {
			isa = PBXGroup;
			children = (
				48828E251BF5884D0092615D /* ObjcExamples */,
				48828E241BF5884D0092615D /* Products */,
			);
			sourceTree = "<group>";
		};
		48828E241BF5884D0092615D /* Products */ = {
			isa = PBXGroup;
			children = (
				48828E231BF5884D0092615D /* ObjcExamples.app */,
			);
			name = Products;
			sourceTree = "<group>";
		};
		48828E251BF5884D0092615D /* ObjcExamples */ = {
			isa = PBXGroup;
			children = (
				48146F561BFDDB9A00596610 /* images */,
				48828E3F1BF58B0E0092615D /* Core */,
				48828E4C1BF5B1F60092615D /* Basic */,
				48828E321BF5884D0092615D /* Assets.xcassets */,
				487A3DB21C02F92C004D64AF /* CustomSwith */,
				48828E341BF5884D0092615D /* LaunchScreen.storyboard */,
				48828E371BF5884D0092615D /* Info.plist */,
				48828E261BF5884D0092615D /* Supporting Files */,
			);
			path = ObjcExamples;
			sourceTree = "<group>";
		};
		48828E261BF5884D0092615D /* Supporting Files */ = {
			isa = PBXGroup;
			children = (
				48828E271BF5884D0092615D /* main.m */,
			);
			name = "Supporting Files";
			sourceTree = "<group>";
		};
		48828E3F1BF58B0E0092615D /* Core */ = {
			isa = PBXGroup;
			children = (
				48828E401BF58BD00092615D /* AppDelegate.h */,
				48828E411BF58BD00092615D /* AppDelegate.m */,
				48828E421BF58BD00092615D /* BootLogic.h */,
				48828E431BF58BD00092615D /* BootLogic.m */,
				48828E441BF58BD00092615D /* ConsoleScreen.h */,
				48828E451BF58BD00092615D /* ConsoleScreen.m */,
				48828E461BF58BD00092615D /* MainScreen.h */,
				48828E471BF58BD00092615D /* MainScreen.m */,
			);
			name = Core;
			sourceTree = "<group>";
		};
		48828E4C1BF5B1F60092615D /* Basic */ = {
			isa = PBXGroup;
			children = (
				487A3DAA1C02D179004D64AF /* CustomerSlider.h */,
				487A3DAB1C02D179004D64AF /* CustomerSlider.m */,
				487A3DAC1C02D179004D64AF /* CustomerSlider.xib */,
				48828E4D1BF5B3250092615D /* DemoFunction.h */,
				48828E4E1BF5B3250092615D /* DemoFunction.m */,
				48828E501BF5E4ED0092615D /* DemoSelector.h */,
				48828E511BF5E4ED0092615D /* DemoSelector.m */,
				48828E521BF5E4ED0092615D /* DemoSelector.xib */,
				485B10D71BFDB26500E053A8 /* DemoSlider.h */,
				485B10D81BFDB26500E053A8 /* DemoSlider.m */,
				485B10D91BFDB26500E053A8 /* DemoSlider.xib */,
				489DE6991C006DAD002E8117 /* CustomSwitch.h */,
				489DE69A1C006DAD002E8117 /* CustomSwitch.m */,
				489DE69B1C006DAD002E8117 /* CustomSwitch.xib */,
				487F44631C04042300DAB73C /* SkewImage.h */,
				487F44641C04042300DAB73C /* SkewImage.m */,
				487F44651C04042300DAB73C /* SkewImage.xib */,
				487F44681C04108500DAB73C /* Calculator.h */,
				487F44691C04108600DAB73C /* Calculator.m */,
				487F446A1C04108600DAB73C /* Calculator.xib */,
				48AFE97B1C08473F00806CA1 /* UIViewBasic.h */,
				48AFE97C1C08473F00806CA1 /* UIViewBasic.m */,
				48AFE97D1C08473F00806CA1 /* UIViewBasic.xib */,
				48AFE9801C0847CF00806CA1 /* ViewController.h */,
				48AFE9811C0847CF00806CA1 /* ViewController.m */,
				48AFE9821C0847CF00806CA1 /* ViewController.xib */,
				48AFE9851C08633200806CA1 /* ChessView.h */,
				48AFE9861C08633200806CA1 /* ChessView.m */,
				487ABF0D1C09540D00F512D1 /* CampFire.h */,
				487ABF0E1C09540D00F512D1 /* CampFire.m */,
				487ABF0F1C09540D00F512D1 /* CampFire.xib */,
			);
			name = Basic;
			sourceTree = "<group>";
		};
/* End PBXGroup section */

/* Begin PBXNativeTarget section */
		48828E221BF5884D0092615D /* ObjcExamples */ = {
			isa = PBXNativeTarget;
			buildConfigurationList = 48828E3A1BF5884D0092615D /* Build configuration list for PBXNativeTarget "ObjcExamples" */;
			buildPhases = (
				48828E1F1BF5884D0092615D /* Sources */,
				48828E201BF5884D0092615D /* Frameworks */,
				48828E211BF5884D0092615D /* Resources */,
			);
			buildRules = (
			);
			dependencies = (
			);
			name = ObjcExamples;
			productName = ObjcExamples;
			productReference = 48828E231BF5884D0092615D /* ObjcExamples.app */;
			productType = "com.apple.product-type.application";
		};
/* End PBXNativeTarget section */

/* Begin PBXProject section */
		48828E1B1BF5884D0092615D /* Project object */ = {
			isa = PBXProject;
			attributes = {
				LastUpgradeCheck = 0700;
				ORGANIZATIONNAME = "thanh tung";
				TargetAttributes = {
					48828E221BF5884D0092615D = {
						CreatedOnToolsVersion = 7.0;
					};
				};
			};
			buildConfigurationList = 48828E1E1BF5884D0092615D /* Build configuration list for PBXProject "ObjcExamples" */;
			compatibilityVersion = "Xcode 3.2";
			developmentRegion = English;
			hasScannedForEncodings = 0;
			knownRegions = (
				en,
				Base,
			);
			mainGroup = 48828E1A1BF5884D0092615D;
			productRefGroup = 48828E241BF5884D0092615D /* Products */;
			projectDirPath = "";
			projectRoot = "";
			targets = (
				48828E221BF5884D0092615D /* ObjcExamples */,
			);
		};
/* End PBXProject section */

/* Begin PBXResourcesBuildPhase section */
		48828E211BF5884D0092615D /* Resources */ = {
			isa = PBXResourcesBuildPhase;
			buildActionMask = 2147483647;
			files = (
				487ABEFA1C094DCF00F512D1 /* campFire05.gif in Resources */,
				48AFE9841C0847CF00806CA1 /* ViewController.xib in Resources */,
				487ABF061C094DCF00F512D1 /* campFire17.gif in Resources */,
				48828E361BF5884D0092615D /* LaunchScreen.storyboard in Resources */,
				487ABEFD1C094DCF00F512D1 /* campFire08.gif in Resources */,
				487ABEFE1C094DCF00F512D1 /* campFire09.gif in Resources */,
				487F446C1C04108600DAB73C /* Calculator.xib in Resources */,
				487ABEF71C094DCF00F512D1 /* campFire02.gif in Resources */,
				487ABEF61C094DCF00F512D1 /* campFire01.gif in Resources */,
				487ABEFC1C094DCF00F512D1 /* campFire07.gif in Resources */,
				487ABEF91C094DCF00F512D1 /* campFire04.gif in Resources */,
				487ABEFF1C094DCF00F512D1 /* campFire10.gif in Resources */,
				487ABF111C09540D00F512D1 /* CampFire.xib in Resources */,
				487ABF001C094DCF00F512D1 /* campFire11.gif in Resources */,
				48828E541BF5E4ED0092615D /* DemoSelector.xib in Resources */,
				487A3DAE1C02D179004D64AF /* CustomerSlider.xib in Resources */,
				487ABF031C094DCF00F512D1 /* campFire14.gif in Resources */,
				487ABEF81C094DCF00F512D1 /* campFire03.gif in Resources */,
				48828E331BF5884D0092615D /* Assets.xcassets in Resources */,
				487ABF011C094DCF00F512D1 /* campFire12.gif in Resources */,
				489DE69D1C006DAD002E8117 /* CustomSwitch.xib in Resources */,
				487ABF021C094DCF00F512D1 /* campFire13.gif in Resources */,
				487ABF051C094DCF00F512D1 /* campFire16.gif in Resources */,
				487ABF041C094DCF00F512D1 /* campFire15.gif in Resources */,
				485B10DB1BFDB26500E053A8 /* DemoSlider.xib in Resources */,
				487F44671C04042300DAB73C /* SkewImage.xib in Resources */,
				48AFE97F1C08473F00806CA1 /* UIViewBasic.xib in Resources */,
				487ABEFB1C094DCF00F512D1 /* campFire06.gif in Resources */,
			);
			runOnlyForDeploymentPostprocessing = 0;
		};
/* End PBXResourcesBuildPhase section */

/* Begin PBXSourcesBuildPhase section */
		48828E1F1BF5884D0092615D /* Sources */ = {
			isa = PBXSourcesBuildPhase;
			buildActionMask = 2147483647;
			files = (
				48828E491BF58BD00092615D /* BootLogic.m in Sources */,
				48828E4B1BF58BD00092615D /* MainScreen.m in Sources */,
				48828E4A1BF58BD00092615D /* ConsoleScreen.m in Sources */,
				48828E481BF58BD00092615D /* AppDelegate.m in Sources */,
				489DE69C1C006DAD002E8117 /* CustomSwitch.m in Sources */,
				487ABF101C09540D00F512D1 /* CampFire.m in Sources */,
				48828E4F1BF5B3250092615D /* DemoFunction.m in Sources */,
				487A3DAD1C02D179004D64AF /* CustomerSlider.m in Sources */,
				48AFE9871C08633200806CA1 /* ChessView.m in Sources */,
				487F44661C04042300DAB73C /* SkewImage.m in Sources */,
				487A3DB51C02F990004D64AF /* CustomSwitchCore.m in Sources */,
				48AFE9831C0847CF00806CA1 /* ViewController.m in Sources */,
				48828E531BF5E4ED0092615D /* DemoSelector.m in Sources */,
				48828E281BF5884D0092615D /* main.m in Sources */,
				48AFE97E1C08473F00806CA1 /* UIViewBasic.m in Sources */,
				485B10DA1BFDB26500E053A8 /* DemoSlider.m in Sources */,
				487F446B1C04108600DAB73C /* Calculator.m in Sources */,
			);
			runOnlyForDeploymentPostprocessing = 0;
		};
/* End PBXSourcesBuildPhase section */

/* Begin PBXVariantGroup section */
		48828E341BF5884D0092615D /* LaunchScreen.storyboard */ = {
			isa = PBXVariantGroup;
			children = (
				48828E351BF5884D0092615D /* Base */,
			);
			name = LaunchScreen.storyboard;
			sourceTree = "<group>";
		};
/* End PBXVariantGroup section */

/* Begin XCBuildConfiguration section */
		48828E381BF5884D0092615D /* Debug */ = {
			isa = XCBuildConfiguration;
			buildSettings = {
				ALWAYS_SEARCH_USER_PATHS = NO;
				CLANG_CXX_LANGUAGE_STANDARD = "gnu++0x";
				CLANG_CXX_LIBRARY = "libc++";
				CLANG_ENABLE_MODULES = YES;
				CLANG_ENABLE_OBJC_ARC = YES;
				CLANG_WARN_BOOL_CONVERSION = YES;
				CLANG_WARN_CONSTANT_CONVERSION = YES;
				CLANG_WARN_DIRECT_OBJC_ISA_USAGE = YES_ERROR;
				CLANG_WARN_EMPTY_BODY = YES;
				CLANG_WARN_ENUM_CONVERSION = YES;
				CLANG_WARN_INT_CONVERSION = YES;
				CLANG_WARN_OBJC_ROOT_CLASS = YES_ERROR;
				CLANG_WARN_UNREACHABLE_CODE = YES;
				CLANG_WARN__DUPLICATE_METHOD_MATCH = YES;
				"CODE_SIGN_IDENTITY[sdk=iphoneos*]" = "iPhone Developer";
				COPY_PHASE_STRIP = NO;
				DEBUG_INFORMATION_FORMAT = dwarf;
				ENABLE_STRICT_OBJC_MSGSEND = YES;
				ENABLE_TESTABILITY = YES;
				GCC_C_LANGUAGE_STANDARD = gnu99;
				GCC_DYNAMIC_NO_PIC = NO;
				GCC_NO_COMMON_BLOCKS = YES;
				GCC_OPTIMIZATION_LEVEL = 0;
				GCC_PREPROCESSOR_DEFINITIONS = (
					"DEBUG=1",
					"$(inherited)",
				);
				GCC_WARN_64_TO_32_BIT_CONVERSION = YES;
				GCC_WARN_ABOUT_RETURN_TYPE = YES_ERROR;
				GCC_WARN_UNDECLARED_SELECTOR = YES;
				GCC_WARN_UNINITIALIZED_AUTOS = YES_AGGRESSIVE;
				GCC_WARN_UNUSED_FUNCTION = YES;
				GCC_WARN_UNUSED_VARIABLE = YES;
				IPHONEOS_DEPLOYMENT_TARGET = 9.0;
				MTL_ENABLE_DEBUG_INFO = YES;
				ONLY_ACTIVE_ARCH = YES;
				SDKROOT = iphoneos;
			};
			name = Debug;
		};
		48828E391BF5884D0092615D /* Release */ = {
			isa = XCBuildConfiguration;
			buildSettings = {
				ALWAYS_SEARCH_USER_PATHS = NO;
				CLANG_CXX_LANGUAGE_STANDARD = "gnu++0x";
				CLANG_CXX_LIBRARY = "libc++";
				CLANG_ENABLE_MODULES = YES;
				CLANG_ENABLE_OBJC_ARC = YES;
				CLANG_WARN_BOOL_CONVERSION = YES;
				CLANG_WARN_CONSTANT_CONVERSION = YES;
				CLANG_WARN_DIRECT_OBJC_ISA_USAGE = YES_ERROR;
				CLANG_WARN_EMPTY_BODY = YES;
				CLANG_WARN_ENUM_CONVERSION = YES;
				CLANG_WARN_INT_CONVERSION = YES;
				CLANG_WARN_OBJC_ROOT_CLASS = YES_ERROR;
				CLANG_WARN_UNREACHABLE_CODE = YES;
				CLANG_WARN__DUPLICATE_METHOD_MATCH = YES;
				"CODE_SIGN_IDENTITY[sdk=iphoneos*]" = "iPhone Developer";
				COPY_PHASE_STRIP = NO;
				DEBUG_INFORMATION_FORMAT = "dwarf-with-dsym";
				ENABLE_NS_ASSERTIONS = NO;
				ENABLE_STRICT_OBJC_MSGSEND = YES;
				GCC_C_LANGUAGE_STANDARD = gnu99;
				GCC_NO_COMMON_BLOCKS = YES;
				GCC_WARN_64_TO_32_BIT_CONVERSION = YES;
				GCC_WARN_ABOUT_RETURN_TYPE = YES_ERROR;
				GCC_WARN_UNDECLARED_SELECTOR = YES;
				GCC_WARN_UNINITIALIZED_AUTOS = YES_AGGRESSIVE;
				GCC_WARN_UNUSED_FUNCTION = YES;
				GCC_WARN_UNUSED_VARIABLE = YES;
				IPHONEOS_DEPLOYMENT_TARGET = 9.0;
				MTL_ENABLE_DEBUG_INFO = NO;
				SDKROOT = iphoneos;
				VALIDATE_PRODUCT = YES;
			};
			name = Release;
		};
		48828E3B1BF5884D0092615D /* Debug */ = {
			isa = XCBuildConfiguration;
			buildSettings = {
				ASSETCATALOG_COMPILER_APPICON_NAME = AppIcon;
				INFOPLIST_FILE = ObjcExamples/Info.plist;
				IPHONEOS_DEPLOYMENT_TARGET = 9.0;
				LD_RUNPATH_SEARCH_PATHS = "$(inherited) @executable_path/Frameworks";
				PRODUCT_BUNDLE_IDENTIFIER = vn.techmaster.ObjcExamples;
				PRODUCT_NAME = "$(TARGET_NAME)";
			};
			name = Debug;
		};
		48828E3C1BF5884D0092615D /* Release */ = {
			isa = XCBuildConfiguration;
			buildSettings = {
				ASSETCATALOG_COMPILER_APPICON_NAME = AppIcon;
				INFOPLIST_FILE = ObjcExamples/Info.plist;
				IPHONEOS_DEPLOYMENT_TARGET = 9.0;
				LD_RUNPATH_SEARCH_PATHS = "$(inherited) @executable_path/Frameworks";
				PRODUCT_BUNDLE_IDENTIFIER = vn.techmaster.ObjcExamples;
				PRODUCT_NAME = "$(TARGET_NAME)";
			};
			name = Release;
		};
/* End XCBuildConfiguration section */

/* Begin XCConfigurationList section */
		48828E1E1BF5884D0092615D /* Build configuration list for PBXProject "ObjcExamples" */ = {
			isa = XCConfigurationList;
			buildConfigurations = (
				48828E381BF5884D0092615D /* Debug */,
				48828E391BF5884D0092615D /* Release */,
			);
			defaultConfigurationIsVisible = 0;
			defaultConfigurationName = Release;
		};
		48828E3A1BF5884D0092615D /* Build configuration list for PBXNativeTarget "ObjcExamples" */ = {
			isa = XCConfigurationList;
			buildConfigurations = (
				48828E3B1BF5884D0092615D /* Debug */,
				48828E3C1BF5884D0092615D /* Release */,
			);
			defaultConfigurationIsVisible = 0;
			defaultConfigurationName = Release;
		};
/* End XCConfigurationList section */
	};
	rootObject = 48828E1B1BF5884D0092615D /* Project object */;
}
